
Microsoft Visual Studio Solution File, Format Version 12.00
# Visual Studio 15
VisualStudioVersion = 15.0.28307.421
MinimumVisualStudioVersion = 10.0.40219.1
Project("{2150E333-8FDC-42A3-9474-1A3956D46DE8}") = "Solution Items", "Solution Items", "{210EC26F-2706-4553-93A7-616741B9514B}"
	ProjectSection(SolutionItems) = preProject
		README.md = README.md
	EndProjectSection
EndProject
Project("{FAE04EC0-301F-11D3-BF4B-00C04F79EFBC}") = "ClientApp", "ClientApp\ClientApp.csproj", "{CF8E8149-2501-4A44-B591-123BDE0439BE}"
EndProject
Project("{FAE04EC0-301F-11D3-BF4B-00C04F79EFBC}") = "WebApp", "WebApp\WebApp.csproj", "{5F97E98E-D4A3-45B6-BED1-68F9AAD3513C}"
EndProject
Project("{FAE04EC0-301F-11D3-BF4B-00C04F79EFBC}") = "Common", "Common\Common.csproj", "{6926C19D-3A9A-423D-9FDE-CEF266C96811}"
EndProject
Global
	GlobalSection(SolutionConfigurationPlatforms) = preSolution
		Debug|Any CPU = Debug|Any CPU
		Release|Any CPU = Release|Any CPU
	EndGlobalSection
	GlobalSection(ProjectConfigurationPlatforms) = postSolution
		{CF8E8149-2501-4A44-B591-123BDE0439BE}.Debug|Any CPU.ActiveCfg = Debug|Any CPU
		{CF8E8149-2501-4A44-B591-123BDE0439BE}.Debug|Any CPU.Build.0 = Debug|Any CPU
		{CF8E8149-2501-4A44-B591-123BDE0439BE}.Release|Any CPU.ActiveCfg = Release|Any CPU
		{CF8E8149-2501-4A44-B591-123BDE0439BE}.Release|Any CPU.Build.0 = Release|Any CPU
		{5F97E98E-D4A3-45B6-BED1-68F9AAD3513C}.Debug|Any CPU.ActiveCfg = Debug|Any CPU
		{5F97E98E-D4A3-45B6-BED1-68F9AAD3513C}.Debug|Any CPU.Build.0 = Debug|Any CPU
		{5F97E98E-D4A3-45B6-BED1-68F9AAD3513C}.Release|Any CPU.ActiveCfg = Release|Any CPU
		{5F97E98E-D4A3-45B6-BED1-68F9AAD3513C}.Release|Any CPU.Build.0 = Release|Any CPU
		{6926C19D-3A9A-423D-9FDE-CEF266C96811}.Debug|Any CPU.ActiveCfg = Debug|Any CPU
		{6926C19D-3A9A-423D-9FDE-CEF266C96811}.Debug|Any CPU.Build.0 = Debug|Any CPU
		{6926C19D-3A9A-423D-9FDE-CEF266C96811}.Release|Any CPU.ActiveCfg = Release|Any CPU
		{6926C19D-3A9A-423D-9FDE-CEF266C96811}.Release|Any CPU.Build.0 = Release|Any CPU
	EndGlobalSection
	GlobalSection(SolutionProperties) = preSolution
		HideSolutionNode = FALSE
	EndGlobalSection
	GlobalSection(ExtensibilityGlobals) = postSolution
		SolutionGuid = {5C39D1E0-A16D-4969-AB0F-003CC922BBD2}
	EndGlobalSection
EndGlobal
